
Microsoft Visual Studio Solution File, Format Version 12.00
# Visual Studio Version 17
VisualStudioVersion = 17.10.35027.167
MinimumVisualStudioVersion = 10.0.40219.1
Project("{F184B08F-C81C-45F6-A57F-5ABD9991F28F}") = "WebApplication1", "WebApplication1\WebApplication1.vbproj", "{C3C748C6-7CF5-41A6-81E8-52582209C851}"
EndProject
Global
	GlobalSection(SolutionConfigurationPlatforms) = preSolution
		Debug|Any CPU = Debug|Any CPU
		Release|Any CPU = Release|Any CPU
	EndGlobalSection
	GlobalSection(ProjectConfigurationPlatforms) = postSolution
		{C3C748C6-7CF5-41A6-81E8-52582209C851}.Debug|Any CPU.ActiveCfg = Debug|Any CPU
		{C3C748C6-7CF5-41A6-81E8-52582209C851}.Debug|Any CPU.Build.0 = Debug|Any CPU
		{C3C748C6-7CF5-41A6-81E8-52582209C851}.Release|Any CPU.ActiveCfg = Release|Any CPU
		{C3C748C6-7CF5-41A6-81E8-52582209C851}.Release|Any CPU.Build.0 = Release|Any CPU
	EndGlobalSection
	GlobalSection(SolutionProperties) = preSolution
		HideSolutionNode = FALSE
	EndGlobalSection
	GlobalSection(ExtensibilityGlobals) = postSolution
		SolutionGuid = {B76D61AE-0177-46F9-81E4-98820C054806}
	EndGlobalSection
EndGlobal
